PODS:
  - SDWebImage (4.4.2):
    - SDWebImage/Core (= 4.4.2)
  - SDWebImage/Core (4.4.2)
  - YYlogintextFiled (1.1.0)

DEPENDENCIES:
  - SDWebImage
  - YYlogintextFiled

SPEC REPOS:
  https://github.com/cocoapods/specs.git:
    - SDWebImage
    - YYlogintextFiled

SPEC CHECKSUMS:
  SDWebImage: 624d6e296c69b244bcede364c72ae0430ac14681
  YYlogintextFiled: 4c64dadccb7650b015f9955781cc6f2723873dfb

PODFILE CHECKSUM: ed6b9721aa73f62d3ed26f58fdf7aeaaf86641a2

COCOAPODS: 1.5.3
